
Microsoft Visual Studio Solution File, Format Version 12.00
# Visual Studio Version 17
VisualStudioVersion = 17.3.32825.248
MinimumVisualStudioVersion = 10.0.40219.1
Project("{D7B1DF37-878F-4718-A0B5-151FB436D870}") = "Harp.ClockSynchronizer", "Harp.ClockSynchronizer\Harp.ClockSynchronizer.csproj", "{DAC08245-8471-4CA8-9F38-4AD99D0EEDB9}"
EndProject
Global
	GlobalSection(SolutionConfigurationPlatforms) = preSolution
		Debug|Any CPU = Debug|Any CPU
		Release|Any CPU = Release|Any CPU
	EndGlobalSection
	GlobalSection(ProjectConfigurationPlatforms) = postSolution
		{DAC08245-8471-4CA8-9F38-4AD99D0EEDB9}.Debug|Any CPU.ActiveCfg = Debug|Any CPU
		{DAC08245-8471-4CA8-9F38-4AD99D0EEDB9}.Debug|Any CPU.Build.0 = Debug|Any CPU
		{DAC08245-8471-4CA8-9F38-4AD99D0EEDB9}.Release|Any CPU.ActiveCfg = Release|Any CPU
		{DAC08245-8471-4CA8-9F38-4AD99D0EEDB9}.Release|Any CPU.Build.0 = Release|Any CPU
	EndGlobalSection
	GlobalSection(SolutionProperties) = preSolution
		HideSolutionNode = FALSE
	EndGlobalSection
	GlobalSection(ExtensibilityGlobals) = postSolution
		SolutionGuid = {3F983C12-09A7-4D25-B410-E4130A6048FD}
	EndGlobalSection
EndGlobal
